
Microsoft Visual Studio Solution File, Format Version 12.00
# Visual Studio 2012
Project("{2150E333-8FDC-42A3-9474-1A3956D46DE8}") = ".nuget", ".nuget", "{F1CD581D-8E06-4FC3-94D4-B25D4F82E78D}"
	ProjectSection(SolutionItems) = preProject
		.nuget\NuGet.Config = .nuget\NuGet.Config
		.nuget\NuGet.exe = .nuget\NuGet.exe
		.nuget\NuGet.targets = .nuget\NuGet.targets
	EndProjectSection
EndProject
Project("{FAE04EC0-301F-11D3-BF4B-00C04F79EFBC}") = "ccl", "ccl\ccl.csproj", "{937ECB5B-C435-423C-A480-0C744DA7663D}"
EndProject
Project("{FAE04EC0-301F-11D3-BF4B-00C04F79EFBC}") = "ccl.tests", "ccl.tests\ccl.tests.csproj", "{658D8B8E-225B-4435-9497-EC03AC88E271}"
EndProject
Global
	GlobalSection(SolutionConfigurationPlatforms) = preSolution
		Debug|Any CPU = Debug|Any CPU
		Release|Any CPU = Release|Any CPU
	EndGlobalSection
	GlobalSection(ProjectConfigurationPlatforms) = postSolution
		{937ECB5B-C435-423C-A480-0C744DA7663D}.Debug|Any CPU.ActiveCfg = Debug|Any CPU
		{937ECB5B-C435-423C-A480-0C744DA7663D}.Debug|Any CPU.Build.0 = Debug|Any CPU
		{937ECB5B-C435-423C-A480-0C744DA7663D}.Release|Any CPU.ActiveCfg = Release|Any CPU
		{937ECB5B-C435-423C-A480-0C744DA7663D}.Release|Any CPU.Build.0 = Release|Any CPU
		{658D8B8E-225B-4435-9497-EC03AC88E271}.Debug|Any CPU.ActiveCfg = Debug|Any CPU
		{658D8B8E-225B-4435-9497-EC03AC88E271}.Debug|Any CPU.Build.0 = Debug|Any CPU
		{658D8B8E-225B-4435-9497-EC03AC88E271}.Release|Any CPU.ActiveCfg = Release|Any CPU
		{658D8B8E-225B-4435-9497-EC03AC88E271}.Release|Any CPU.Build.0 = Release|Any CPU
	EndGlobalSection
	GlobalSection(SolutionProperties) = preSolution
		HideSolutionNode = FALSE
	EndGlobalSection
EndGlobal
